
Microsoft Visual Studio Solution File, Format Version 12.00
# Visual Studio Version 17
VisualStudioVersion = 17.6.33815.320
MinimumVisualStudioVersion = 10.0.40219.1
Project("{9A19103F-16F7-4668-BE54-9A1E7A4F7556}") = "StateCensusAnalyser", "StateCensusAnalyser\StateCensusAnalyser.csproj", "{99924A86-71C6-4A95-8F53-69300C82D466}"
EndProject
Project("{FAE04EC0-301F-11D3-BF4B-00C04F79EFBC}") = "IndianStateCensusDataTest", "IndianStateCensusDataTest\IndianStateCensusDataTest.csproj", "{C2BD4654-81B9-4149-8430-F11CFF1437D2}"
EndProject
Global
	GlobalSection(SolutionConfigurationPlatforms) = preSolution
		Debug|Any CPU = Debug|Any CPU
		Release|Any CPU = Release|Any CPU
	EndGlobalSection
	GlobalSection(ProjectConfigurationPlatforms) = postSolution
		{99924A86-71C6-4A95-8F53-69300C82D466}.Debug|Any CPU.ActiveCfg = Debug|Any CPU
		{99924A86-71C6-4A95-8F53-69300C82D466}.Debug|Any CPU.Build.0 = Debug|Any CPU
		{99924A86-71C6-4A95-8F53-69300C82D466}.Release|Any CPU.ActiveCfg = Release|Any CPU
		{99924A86-71C6-4A95-8F53-69300C82D466}.Release|Any CPU.Build.0 = Release|Any CPU
		{C2BD4654-81B9-4149-8430-F11CFF1437D2}.Debug|Any CPU.ActiveCfg = Debug|Any CPU
		{C2BD4654-81B9-4149-8430-F11CFF1437D2}.Debug|Any CPU.Build.0 = Debug|Any CPU
		{C2BD4654-81B9-4149-8430-F11CFF1437D2}.Release|Any CPU.ActiveCfg = Release|Any CPU
		{C2BD4654-81B9-4149-8430-F11CFF1437D2}.Release|Any CPU.Build.0 = Release|Any CPU
	EndGlobalSection
	GlobalSection(SolutionProperties) = preSolution
		HideSolutionNode = FALSE
	EndGlobalSection
	GlobalSection(ExtensibilityGlobals) = postSolution
		SolutionGuid = {A6B57F21-7B7F-4ED7-91FE-3C79FAA25E56}
	EndGlobalSection
EndGlobal
